{
  "version": 4,
  "terraform_version": "1.7.3",
  "serial": 36,
  "lineage": "b5423890-0388-9395-ef47-df2bba590c27",
  "outputs": {},
  "resources": [
    {
      "mode": "managed",
      "type": "helm_release",
      "name": "kyverno",
      "provider": "provider[\"registry.terraform.io/hashicorp/helm\"]",
      "instances": [
        {
          "schema_version": 2,
          "attributes": {
            "atomic": false,
            "chart": "kyverno",
            "cleanup_on_fail": false,
            "create_namespace": true,
            "dependency_update": false,
            "description": null,
            "devel": null,
            "disable_crd_hooks": false,
            "disable_openapi_validation": false,
            "disable_webhooks": false,
            "force_update": false,
            "id": "kyverno",
            "keyring": null,
            "lint": false,
            "manifest": null,
            "max_history": 0,
            "metadata": {
              "app_version": "v1.15.2",
              "chart": "kyverno",
              "first_deployed": 1759011799,
              "last_deployed": 1759012478,
              "name": "kyverno",
              "namespace": "kyverno",
              "notes": "Chart version: 3.5.2\nKyverno version: v1.15.2\n\nThank you for installing kyverno! Your release is named kyverno.\n\nThe following components have been installed in your cluster:\n- CRDs\n- Admission controller\n- Reports controller\n- Cleanup controller\n- Background controller\n\n\n⚠️  WARNING: Setting the admission controller replica count below 2 means Kyverno is not running in high availability mode.\n\n\n⚠️  WARNING: PolicyExceptions are disabled by default. To enable them, set '--enablePolicyException' to true.\n\n💡 Note: There is a trade-off when deciding which approach to take regarding Namespace exclusions. Please see the documentation at https://kyverno.io/docs/installation/#security-vs-operability to understand the risks.\n",
              "revision": 3,
              "values": "{}",
              "version": "3.5.2"
            },
            "name": "kyverno",
            "namespace": "kyverno",
            "pass_credentials": false,
            "postrender": null,
            "recreate_pods": false,
            "render_subchart_notes": true,
            "replace": false,
            "repository": "https://kyverno.github.io/kyverno/",
            "repository_ca_file": null,
            "repository_cert_file": null,
            "repository_key_file": null,
            "repository_password": null,
            "repository_username": null,
            "reset_values": false,
            "reuse_values": false,
            "set": null,
            "set_list": null,
            "set_sensitive": null,
            "set_wo": null,
            "set_wo_revision": null,
            "skip_crds": false,
            "status": "deployed",
            "timeout": 300,
            "values": null,
            "verify": false,
            "version": "3.5.2",
            "wait": true,
            "wait_for_jobs": true
          },
          "sensitive_attributes": []
        }
      ]
    },
    {
      "mode": "managed",
      "type": "kubectl_manifest",
      "name": "policy01",
      "provider": "provider[\"registry.terraform.io/gavinbunney/kubectl\"]",
      "instances": [
        {
          "schema_version": 1,
          "attributes": {
            "api_version": "kyverno.io/v1",
            "apply_only": false,
            "force_conflicts": false,
            "force_new": false,
            "id": "/apis/kyverno.io/v1/clusterpolicys/protect-terraform",
            "ignore_fields": null,
            "kind": "ClusterPolicy",
            "live_manifest_incluster": "f9e6a8d72afcad3e7705dc581dc0a8f3f23e3362266664ccebbe9747355bd1fa",
            "live_uid": "74411cef-df1d-4fe6-9e07-73f867d5be18",
            "name": "protect-terraform",
            "namespace": null,
            "override_namespace": null,
            "sensitive_fields": null,
            "server_side_apply": false,
            "timeouts": null,
            "uid": "74411cef-df1d-4fe6-9e07-73f867d5be18",
            "validate_schema": true,
            "wait": null,
            "wait_for_rollout": true,
            "yaml_body": "apiVersion: kyverno.io/v1\nkind: ClusterPolicy\nmetadata:\n  name: protect-terraform\nspec:\n  background: false\n  validationFailureAction: Enforce\n  rules:\n    - name: block-namespace\n      match:\n        resources:\n          kinds:\n            - Namespace\n      validate:\n        message: \"Criação de namespace não permitida\"\n        pattern:\n          metadata:\n            name: \"!*\"\n",
            "yaml_body_parsed": "apiVersion: kyverno.io/v1\nkind: ClusterPolicy\nmetadata:\n  name: protect-terraform\nspec:\n  background: false\n  rules:\n  - match:\n      resources:\n        kinds:\n        - Namespace\n    name: block-namespace\n    validate:\n      message: Criação de namespace não permitida\n      pattern:\n        metadata:\n          name: '!*'\n  validationFailureAction: Enforce\n",
            "yaml_incluster": "f9e6a8d72afcad3e7705dc581dc0a8f3f23e3362266664ccebbe9747355bd1fa"
          },
          "sensitive_attributes": [],
          "private": "eyJlMmJmYjczMC1lY2FhLTExZTYtOGY4OC0zNDM2M2JjN2M0YzAiOnsiY3JlYXRlIjo2MDAwMDAwMDAwMDB9LCJzY2hlbWFfdmVyc2lvbiI6IjEifQ==",
          "dependencies": [
            "helm_release.kyverno"
          ]
        }
      ]
    }
  ],
  "check_results": null
}
